
Microsoft Visual Studio Solution File, Format Version 12.00
# Visual Studio Version 17
VisualStudioVersion = 17.4.33213.308
MinimumVisualStudioVersion = 10.0.40219.1
Project("{FAE04EC0-301F-11D3-BF4B-00C04F79EFBC}") = "class02", "class02.csproj", "{64649768-5E6C-416D-8874-EFCDE78961F9}"
EndProject
Global
	GlobalSection(SolutionConfigurationPlatforms) = preSolution
		Debug|Any CPU = Debug|Any CPU
		Release|Any CPU = Release|Any CPU
	EndGlobalSection
	GlobalSection(ProjectConfigurationPlatforms) = postSolution
		{64649768-5E6C-416D-8874-EFCDE78961F9}.Debug|Any CPU.ActiveCfg = Debug|Any CPU
		{64649768-5E6C-416D-8874-EFCDE78961F9}.Debug|Any CPU.Build.0 = Debug|Any CPU
		{64649768-5E6C-416D-8874-EFCDE78961F9}.Release|Any CPU.ActiveCfg = Release|Any CPU
		{64649768-5E6C-416D-8874-EFCDE78961F9}.Release|Any CPU.Build.0 = Release|Any CPU
	EndGlobalSection
	GlobalSection(SolutionProperties) = preSolution
		HideSolutionNode = FALSE
	EndGlobalSection
	GlobalSection(ExtensibilityGlobals) = postSolution
		SolutionGuid = {7142B17C-6C32-4023-9EF6-54A3F6FA953D}
	EndGlobalSection
EndGlobal
